# THIS IS AN AUTOGENERATED FILE. DO NOT EDIT THIS FILE DIRECTLY.
# yarn lockfile v1


dat.gui@^0.7.9:
  version "0.7.9"
  resolved "https://registry.yarnpkg.com/dat.gui/-/dat.gui-0.7.9.tgz#860cab06053b028e327820eabdf25a13cf07b17e"
  integrity sha512-sCNc1OHobc+Erc1HqiswYgHdVNpSJUlk/Hz8vzOCsER7rl+oF/4+v8GXFUyCgtXpoCX6+bnmg07DedLvBLwYKQ==
